
Microsoft Visual Studio Solution File, Format Version 12.00
# Visual Studio Version 17
VisualStudioVersion = 17.4.33205.214
MinimumVisualStudioVersion = 10.0.40219.1
Project("{9A19103F-16F7-4668-BE54-9A1E7A4F7556}") = "EFTest", "EFTest\EFTest.csproj", "{6663FC41-A6D5-4542-81F2-DE35362C55DC}"
EndProject
Project("{9A19103F-16F7-4668-BE54-9A1E7A4F7556}") = "MultiThreadTest", "MultiThreadTest\MultiThreadTest.csproj", "{B5407F43-2372-4BE2-8FAD-78B685A56F02}"
EndProject
Global
	GlobalSection(SolutionConfigurationPlatforms) = preSolution
		Debug|Any CPU = Debug|Any CPU
		Release|Any CPU = Release|Any CPU
	EndGlobalSection
	GlobalSection(ProjectConfigurationPlatforms) = postSolution
		{6663FC41-A6D5-4542-81F2-DE35362C55DC}.Debug|Any CPU.ActiveCfg = Debug|Any CPU
		{6663FC41-A6D5-4542-81F2-DE35362C55DC}.Debug|Any CPU.Build.0 = Debug|Any CPU
		{6663FC41-A6D5-4542-81F2-DE35362C55DC}.Release|Any CPU.ActiveCfg = Release|Any CPU
		{6663FC41-A6D5-4542-81F2-DE35362C55DC}.Release|Any CPU.Build.0 = Release|Any CPU
		{B5407F43-2372-4BE2-8FAD-78B685A56F02}.Debug|Any CPU.ActiveCfg = Debug|Any CPU
		{B5407F43-2372-4BE2-8FAD-78B685A56F02}.Debug|Any CPU.Build.0 = Debug|Any CPU
		{B5407F43-2372-4BE2-8FAD-78B685A56F02}.Release|Any CPU.ActiveCfg = Release|Any CPU
		{B5407F43-2372-4BE2-8FAD-78B685A56F02}.Release|Any CPU.Build.0 = Release|Any CPU
	EndGlobalSection
	GlobalSection(SolutionProperties) = preSolution
		HideSolutionNode = FALSE
	EndGlobalSection
	GlobalSection(ExtensibilityGlobals) = postSolution
		SolutionGuid = {BDBF94CC-3A3D-479E-99E0-53C6BF7FA05C}
	EndGlobalSection
EndGlobal
